
Microsoft Visual Studio Solution File, Format Version 12.00
# Visual Studio Version 16
VisualStudioVersion = 16.0.30503.244
MinimumVisualStudioVersion = 10.0.40219.1
Project("{FAE04EC0-301F-11D3-BF4B-00C04F79EFBC}") = "masstransit-consumer-api-first", "masstransit-consumer-api-first.csproj", "{FE74D0BB-C23D-4672-AA72-B95E7F8D52FA}"
EndProject
Global
	GlobalSection(SolutionConfigurationPlatforms) = preSolution
		Debug|Any CPU = Debug|Any CPU
		Release|Any CPU = Release|Any CPU
	EndGlobalSection
	GlobalSection(ProjectConfigurationPlatforms) = postSolution
		{FE74D0BB-C23D-4672-AA72-B95E7F8D52FA}.Debug|Any CPU.ActiveCfg = Debug|Any CPU
		{FE74D0BB-C23D-4672-AA72-B95E7F8D52FA}.Debug|Any CPU.Build.0 = Debug|Any CPU
		{FE74D0BB-C23D-4672-AA72-B95E7F8D52FA}.Release|Any CPU.ActiveCfg = Release|Any CPU
		{FE74D0BB-C23D-4672-AA72-B95E7F8D52FA}.Release|Any CPU.Build.0 = Release|Any CPU
	EndGlobalSection
	GlobalSection(SolutionProperties) = preSolution
		HideSolutionNode = FALSE
	EndGlobalSection
	GlobalSection(ExtensibilityGlobals) = postSolution
		SolutionGuid = {7BE4CFA0-D78A-462B-B4D5-C7B95EBD3479}
	EndGlobalSection
EndGlobal
